
Microsoft Visual Studio Solution File, Format Version 12.00
# Visual Studio 15
VisualStudioVersion = 15.0.28010.2036
MinimumVisualStudioVersion = 10.0.40219.1
Project("{FAE04EC0-301F-11D3-BF4B-00C04F79EFBC}") = "AuthSample", "AuthSample\AuthSample.csproj", "{4E46963C-E9FB-480C-8A4C-7916CE723EF6}"
EndProject
Global
	GlobalSection(SolutionConfigurationPlatforms) = preSolution
		Debug|Any CPU = Debug|Any CPU
		Release|Any CPU = Release|Any CPU
	EndGlobalSection
	GlobalSection(ProjectConfigurationPlatforms) = postSolution
		{4E46963C-E9FB-480C-8A4C-7916CE723EF6}.Debug|Any CPU.ActiveCfg = Debug|Any CPU
		{4E46963C-E9FB-480C-8A4C-7916CE723EF6}.Debug|Any CPU.Build.0 = Debug|Any CPU
		{4E46963C-E9FB-480C-8A4C-7916CE723EF6}.Release|Any CPU.ActiveCfg = Release|Any CPU
		{4E46963C-E9FB-480C-8A4C-7916CE723EF6}.Release|Any CPU.Build.0 = Release|Any CPU
	EndGlobalSection
	GlobalSection(SolutionProperties) = preSolution
		HideSolutionNode = FALSE
	EndGlobalSection
	GlobalSection(ExtensibilityGlobals) = postSolution
		SolutionGuid = {C37B6C22-A631-46F2-9F82-975B25F7E95D}
	EndGlobalSection
EndGlobal
